// !$*UTF8*$!
{
	archiveVersion = 1;
	classes = {
	};
	objectVersion = 50;
	objects = {

/* Begin PBXBuildFile section */
		A3ACE6792137D4BD0073B2E4 /* AppDelegate.swift in Sources */ = {isa = PBXBuildFile; fileRef = A3ACE6782137D4BD0073B2E4 /* AppDelegate.swift */; };
		A3ACE67B2137D4BD0073B2E4 /* ViewController.swift in Sources */ = {isa = PBXBuildFile; fileRef = A3ACE67A2137D4BD0073B2E4 /* ViewController.swift */; };
		A3ACE67E2137D4BD0073B2E4 /* Main.storyboard in Resources */ = {isa = PBXBuildFile; fileRef = A3ACE67C2137D4BD0073B2E4 /* Main.storyboard */; };
		A3ACE6802137D4BE0073B2E4 /* Assets.xcassets in Resources */ = {isa = PBXBuildFile; fileRef = A3ACE67F2137D4BE0073B2E4 /* Assets.xcassets */; };
		A3ACE6832137D4BE0073B2E4 /* LaunchScreen.storyboard in Resources */ = {isa = PBXBuildFile; fileRef = A3ACE6812137D4BE0073B2E4 /* LaunchScreen.storyboard */; };
		A3ACE68E2137D4BE0073B2E4 /* PDFKitSampleTests.swift in Sources */ = {isa = PBXBuildFile; fileRef = A3ACE68D2137D4BE0073B2E4 /* PDFKitSampleTests.swift */; };
		A3ACE6992137D4BE0073B2E4 /* PDFKitSampleUITests.swift in Sources */ = {isa = PBXBuildFile; fileRef = A3ACE6982137D4BE0073B2E4 /* PDFKitSampleUITests.swift */; };
		A3ACE6A72137D5230073B2E4 /* genesis-catalogue.pdf in Resources */ = {isa = PBXBuildFile; fileRef = A3ACE6A62137D5230073B2E4 /* genesis-catalogue.pdf */; };
/* End PBXBuildFile section */

/* Begin PBXContainerItemProxy section */
		A3ACE68A2137D4BE0073B2E4 /* PBXContainerItemProxy */ = {
			isa = PBXContainerItemProxy;
			containerPortal = A3ACE66D2137D4BD0073B2E4 /* Project object */;
			proxyType = 1;
			remoteGlobalIDString = A3ACE6742137D4BD0073B2E4;
			remoteInfo = PDFKitSample;
		};
		A3ACE6952137D4BE0073B2E4 /* PBXContainerItemProxy */ = {
			isa = PBXContainerItemProxy;
			containerPortal = A3ACE66D2137D4BD0073B2E4 /* Project object */;
			proxyType = 1;
			remoteGlobalIDString = A3ACE6742137D4BD0073B2E4;
			remoteInfo = PDFKitSample;
		};
/* End PBXContainerItemProxy section */

/* Begin PBXFileReference section */
		A3ACE6752137D4BD0073B2E4 /* PDFKitSample.app */ = {isa = PBXFileReference; explicitFileType = wrapper.application; includeInIndex = 0; path = PDFKitSample.app; sourceTree = BUILT_PRODUCTS_DIR; };
		A3ACE6782137D4BD0073B2E4 /* AppDelegate.swift */ = {isa = PBXFileReference; lastKnownFileType = sourcecode.swift; path = AppDelegate.swift; sourceTree = "<group>"; };
		A3ACE67A2137D4BD0073B2E4 /* ViewController.swift */ = {isa = PBXFileReference; lastKnownFileType = sourcecode.swift; path = ViewController.swift; sourceTree = "<group>"; };
		A3ACE67D2137D4BD0073B2E4 /* Base */ = {isa = PBXFileReference; lastKnownFileType = file.storyboard; name = Base; path = Base.lproj/Main.storyboard; sourceTree = "<group>"; };
		A3ACE67F2137D4BE0073B2E4 /* Assets.xcassets */ = {isa = PBXFileReference; lastKnownFileType = folder.assetcatalog; path = Assets.xcassets; sourceTree = "<group>"; };
		A3ACE6822137D4BE0073B2E4 /* Base */ = {isa = PBXFileReference; lastKnownFileType = file.storyboard; name = Base; path = Base.lproj/LaunchScreen.storyboard; sourceTree = "<group>"; };
		A3ACE6842137D4BE0073B2E4 /* Info.plist */ = {isa = PBXFileReference; lastKnownFileType = text.plist.xml; path = Info.plist; sourceTree = "<group>"; };
		A3ACE6892137D4BE0073B2E4 /* PDFKitSampleTests.xctest */ = {isa = PBXFileReference; explicitFileType = wrapper.cfbundle; includeInIndex = 0; path = PDFKitSampleTests.xctest; sourceTree = BUILT_PRODUCTS_DIR; };
		A3ACE68D2137D4BE0073B2E4 /* PDFKitSampleTests.swift */ = {isa = PBXFileReference; lastKnownFileType = sourcecode.swift; path = PDFKitSampleTests.swift; sourceTree = "<group>"; };
		A3ACE68F2137D4BE0073B2E4 /* Info.plist */ = {isa = PBXFileReference; lastKnownFileType = text.plist.xml; path = Info.plist; sourceTree = "<group>"; };
		A3ACE6942137D4BE0073B2E4 /* PDFKitSampleUITests.xctest */ = {isa = PBXFileReference; explicitFileType = wrapper.cfbundle; includeInIndex = 0; path = PDFKitSampleUITests.xctest; sourceTree = BUILT_PRODUCTS_DIR; };
		A3ACE6982137D4BE0073B2E4 /* PDFKitSampleUITests.swift */ = {isa = PBXFileReference; lastKnownFileType = sourcecode.swift; path = PDFKitSampleUITests.swift; sourceTree = "<group>"; };
		A3ACE69A2137D4BE0073B2E4 /* Info.plist */ = {isa = PBXFileReference; lastKnownFileType = text.plist.xml; path = Info.plist; sourceTree = "<group>"; };
		A3ACE6A62137D5230073B2E4 /* genesis-catalogue.pdf */ = {isa = PBXFileReference; lastKnownFileType = image.pdf; path = "genesis-catalogue.pdf"; sourceTree = "<group>"; };
/* End PBXFileReference section */

/* Begin PBXFrameworksBuildPhase section */
		A3ACE6722137D4BD0073B2E4 /* Frameworks */ = {
			isa = PBXFrameworksBuildPhase;
			buildActionMask = 2147483647;
			files = (
			);
			runOnlyForDeploymentPostprocessing = 0;
		};
		A3ACE6862137D4BE0073B2E4 /* Frameworks */ = {
			isa = PBXFrameworksBuildPhase;
			buildActionMask = 2147483647;
			files = (
			);
			runOnlyForDeploymentPostprocessing = 0;
		};
		A3ACE6912137D4BE0073B2E4 /* Frameworks */ = {
			isa = PBXFrameworksBuildPhase;
			buildActionMask = 2147483647;
			files = (
			);
			runOnlyForDeploymentPostprocessing = 0;
		};
/* End PBXFrameworksBuildPhase section */

/* Begin PBXGroup section */
		A3ACE66C2137D4BD0073B2E4 = {
			isa = PBXGroup;
			children = (
				A3ACE6772137D4BD0073B2E4 /* PDFKitSample */,
				A3ACE68C2137D4BE0073B2E4 /* PDFKitSampleTests */,
				A3ACE6972137D4BE0073B2E4 /* PDFKitSampleUITests */,
				A3ACE6762137D4BD0073B2E4 /* Products */,
			);
			sourceTree = "<group>";
		};
		A3ACE6762137D4BD0073B2E4 /* Products */ = {
			isa = PBXGroup;
			children = (
				A3ACE6752137D4BD0073B2E4 /* PDFKitSample.app */,
				A3ACE6892137D4BE0073B2E4 /* PDFKitSampleTests.xctest */,
				A3ACE6942137D4BE0073B2E4 /* PDFKitSampleUITests.xctest */,
			);
			name = Products;
			sourceTree = "<group>";
		};
		A3ACE6772137D4BD0073B2E4 /* PDFKitSample */ = {
			isa = PBXGroup;
			children = (
				A3ACE6782137D4BD0073B2E4 /* AppDelegate.swift */,
				A3ACE67A2137D4BD0073B2E4 /* ViewController.swift */,
				A3ACE6A62137D5230073B2E4 /* genesis-catalogue.pdf */,
				A3ACE67C2137D4BD0073B2E4 /* Main.storyboard */,
				A3ACE67F2137D4BE0073B2E4 /* Assets.xcassets */,
				A3ACE6812137D4BE0073B2E4 /* LaunchScreen.storyboard */,
				A3ACE6842137D4BE0073B2E4 /* Info.plist */,
			);
			path = PDFKitSample;
			sourceTree = "<group>";
		};
		A3ACE68C2137D4BE0073B2E4 /* PDFKitSampleTests */ = {
			isa = PBXGroup;
			children = (
				A3ACE68D2137D4BE0073B2E4 /* PDFKitSampleTests.swift */,
				A3ACE68F2137D4BE0073B2E4 /* Info.plist */,
			);
			path = PDFKitSampleTests;
			sourceTree = "<group>";
		};
		A3ACE6972137D4BE0073B2E4 /* PDFKitSampleUITests */ = {
			isa = PBXGroup;
			children = (
				A3ACE6982137D4BE0073B2E4 /* PDFKitSampleUITests.swift */,
				A3ACE69A2137D4BE0073B2E4 /* Info.plist */,
			);
			path = PDFKitSampleUITests;
			sourceTree = "<group>";
		};
/* End PBXGroup section */

/* Begin PBXNativeTarget section */
		A3ACE6742137D4BD0073B2E4 /* PDFKitSample */ = {
			isa = PBXNativeTarget;
			buildConfigurationList = A3ACE69D2137D4BE0073B2E4 /* Build configuration list for PBXNativeTarget "PDFKitSample" */;
			buildPhases = (
				A3ACE6712137D4BD0073B2E4 /* Sources */,
				A3ACE6722137D4BD0073B2E4 /* Frameworks */,
				A3ACE6732137D4BD0073B2E4 /* Resources */,
			);
			buildRules = (
			);
			dependencies = (
			);
			name = PDFKitSample;
			productName = PDFKitSample;
			productReference = A3ACE6752137D4BD0073B2E4 /* PDFKitSample.app */;
			productType = "com.apple.product-type.application";
		};
		A3ACE6882137D4BE0073B2E4 /* PDFKitSampleTests */ = {
			isa = PBXNativeTarget;
			buildConfigurationList = A3ACE6A02137D4BE0073B2E4 /* Build configuration list for PBXNativeTarget "PDFKitSampleTests" */;
			buildPhases = (
				A3ACE6852137D4BE0073B2E4 /* Sources */,
				A3ACE6862137D4BE0073B2E4 /* Frameworks */,
				A3ACE6872137D4BE0073B2E4 /* Resources */,
			);
			buildRules = (
			);
			dependencies = (
				A3ACE68B2137D4BE0073B2E4 /* PBXTargetDependency */,
			);
			name = PDFKitSampleTests;
			productName = PDFKitSampleTests;
			productReference = A3ACE6892137D4BE0073B2E4 /* PDFKitSampleTests.xctest */;
			productType = "com.apple.product-type.bundle.unit-test";
		};
		A3ACE6932137D4BE0073B2E4 /* PDFKitSampleUITests */ = {
			isa = PBXNativeTarget;
			buildConfigurationList = A3ACE6A32137D4BE0073B2E4 /* Build configuration list for PBXNativeTarget "PDFKitSampleUITests" */;
			buildPhases = (
				A3ACE6902137D4BE0073B2E4 /* Sources */,
				A3ACE6912137D4BE0073B2E4 /* Frameworks */,
				A3ACE6922137D4BE0073B2E4 /* Resources */,
			);
			buildRules = (
			);
			dependencies = (
				A3ACE6962137D4BE0073B2E4 /* PBXTargetDependency */,
			);
			name = PDFKitSampleUITests;
			productName = PDFKitSampleUITests;
			productReference = A3ACE6942137D4BE0073B2E4 /* PDFKitSampleUITests.xctest */;
			productType = "com.apple.product-type.bundle.ui-testing";
		};
/* End PBXNativeTarget section */

/* Begin PBXProject section */
		A3ACE66D2137D4BD0073B2E4 /* Project object */ = {
			isa = PBXProject;
			attributes = {
				LastSwiftUpdateCheck = 0940;
				LastUpgradeCheck = 0940;
				ORGANIZATIONNAME = JW_Macbook;
				TargetAttributes = {
					A3ACE6742137D4BD0073B2E4 = {
						CreatedOnToolsVersion = 9.4.1;
					};
					A3ACE6882137D4BE0073B2E4 = {
						CreatedOnToolsVersion = 9.4.1;
						TestTargetID = A3ACE6742137D4BD0073B2E4;
					};
					A3ACE6932137D4BE0073B2E4 = {
						CreatedOnToolsVersion = 9.4.1;
						TestTargetID = A3ACE6742137D4BD0073B2E4;
					};
				};
			};
			buildConfigurationList = A3ACE6702137D4BD0073B2E4 /* Build configuration list for PBXProject "PDFKitSample" */;
			compatibilityVersion = "Xcode 9.3";
			developmentRegion = en;
			hasScannedForEncodings = 0;
			knownRegions = (
				en,
				Base,
			);
			mainGroup = A3ACE66C2137D4BD0073B2E4;
			productRefGroup = A3ACE6762137D4BD0073B2E4 /* Products */;
			projectDirPath = "";
			projectRoot = "";
			targets = (
				A3ACE6742137D4BD0073B2E4 /* PDFKitSample */,
				A3ACE6882137D4BE0073B2E4 /* PDFKitSampleTests */,
				A3ACE6932137D4BE0073B2E4 /* PDFKitSampleUITests */,
			);
		};
/* End PBXProject section */

/* Begin PBXResourcesBuildPhase section */
		A3ACE6732137D4BD0073B2E4 /* Resources */ = {
			isa = PBXResourcesBuildPhase;
			buildActionMask = 2147483647;
			files = (
				A3ACE6832137D4BE0073B2E4 /* LaunchScreen.storyboard in Resources */,
				A3ACE6A72137D5230073B2E4 /* genesis-catalogue.pdf in Resources */,
				A3ACE6802137D4BE0073B2E4 /* Assets.xcassets in Resources */,
				A3ACE67E2137D4BD0073B2E4 /* Main.storyboard in Resources */,
			);
			runOnlyForDeploymentPostprocessing = 0;
		};
		A3ACE6872137D4BE0073B2E4 /* Resources */ = {
			isa = PBXResourcesBuildPhase;
			buildActionMask = 2147483647;
			files = (
			);
			runOnlyForDeploymentPostprocessing = 0;
		};
		A3ACE6922137D4BE0073B2E4 /* Resources */ = {
			isa = PBXResourcesBuildPhase;
			buildActionMask = 2147483647;
			files = (
			);
			runOnlyForDeploymentPostprocessing = 0;
		};
/* End PBXResourcesBuildPhase section */

/* Begin PBXSourcesBuildPhase section */
		A3ACE6712137D4BD0073B2E4 /* Sources */ = {
			isa = PBXSourcesBuildPhase;
			buildActionMask = 2147483647;
			files = (
				A3ACE67B2137D4BD0073B2E4 /* ViewController.swift in Sources */,
				A3ACE6792137D4BD0073B2E4 /* AppDelegate.swift in Sources */,
			);
			runOnlyForDeploymentPostprocessing = 0;
		};
		A3ACE6852137D4BE0073B2E4 /* Sources */ = {
			isa = PBXSourcesBuildPhase;
			buildActionMask = 2147483647;
			files = (
				A3ACE68E2137D4BE0073B2E4 /* PDFKitSampleTests.swift in Sources */,
			);
			runOnlyForDeploymentPostprocessing = 0;
		};
		A3ACE6902137D4BE0073B2E4 /* Sources */ = {
			isa = PBXSourcesBuildPhase;
			buildActionMask = 2147483647;
			files = (
				A3ACE6992137D4BE0073B2E4 /* PDFKitSampleUITests.swift in Sources */,
			);
			runOnlyForDeploymentPostprocessing = 0;
		};
/* End PBXSourcesBuildPhase section */

/* Begin PBXTargetDependency section */
		A3ACE68B2137D4BE0073B2E4 /* PBXTargetDependency */ = {
			isa = PBXTargetDependency;
			target = A3ACE6742137D4BD0073B2E4 /* PDFKitSample */;
			targetProxy = A3ACE68A2137D4BE0073B2E4 /* PBXContainerItemProxy */;
		};
		A3ACE6962137D4BE0073B2E4 /* PBXTargetDependency */ = {
			isa = PBXTargetDependency;
			target = A3ACE6742137D4BD0073B2E4 /* PDFKitSample */;
			targetProxy = A3ACE6952137D4BE0073B2E4 /* PBXContainerItemProxy */;
		};
/* End PBXTargetDependency section */

/* Begin PBXVariantGroup section */
		A3ACE67C2137D4BD0073B2E4 /* Main.storyboard */ = {
			isa = PBXVariantGroup;
			children = (
				A3ACE67D2137D4BD0073B2E4 /* Base */,
			);
			name = Main.storyboard;
			sourceTree = "<group>";
		};
		A3ACE6812137D4BE0073B2E4 /* LaunchScreen.storyboard */ = {
			isa = PBXVariantGroup;
			children = (
				A3ACE6822137D4BE0073B2E4 /* Base */,
			);
			name = LaunchScreen.storyboard;
			sourceTree = "<group>";
		};
/* End PBXVariantGroup section */

/* Begin XCBuildConfiguration section */
		A3ACE69B2137D4BE0073B2E4 /* Debug */ = {
			isa = XCBuildConfiguration;
			buildSettings = {
				ALWAYS_SEARCH_USER_PATHS = NO;
				CLANG_ANALYZER_NONNULL = YES;
				CLANG_ANALYZER_NUMBER_OBJECT_CONVERSION = YES_AGGRESSIVE;
				CLANG_CXX_LANGUAGE_STANDARD = "gnu++14";
				CLANG_CXX_LIBRARY = "libc++";
				CLANG_ENABLE_MODULES = YES;
				CLANG_ENABLE_OBJC_ARC = YES;
				CLANG_ENABLE_OBJC_WEAK = YES;
				CLANG_WARN_BLOCK_CAPTURE_AUTORELEASING = YES;
				CLANG_WARN_BOOL_CONVERSION = YES;
				CLANG_WARN_COMMA = YES;
				CLANG_WARN_CONSTANT_CONVERSION = YES;
				CLANG_WARN_DEPRECATED_OBJC_IMPLEMENTATIONS = YES;
				CLANG_WARN_DIRECT_OBJC_ISA_USAGE = YES_ERROR;
				CLANG_WARN_DOCUMENTATION_COMMENTS = YES;
				CLANG_WARN_EMPTY_BODY = YES;
				CLANG_WARN_ENUM_CONVERSION = YES;
				CLANG_WARN_INFINITE_RECURSION = YES;
				CLANG_WARN_INT_CONVERSION = YES;
				CLANG_WARN_NON_LITERAL_NULL_CONVERSION = YES;
				CLANG_WARN_OBJC_IMPLICIT_RETAIN_SELF = YES;
				CLANG_WARN_OBJC_LITERAL_CONVERSION = YES;
				CLANG_WARN_OBJC_ROOT_CLASS = YES_ERROR;
				CLANG_WARN_RANGE_LOOP_ANALYSIS = YES;
				CLANG_WARN_STRICT_PROTOTYPES = YES;
				CLANG_WARN_SUSPICIOUS_MOVE = YES;
				CLANG_WARN_UNGUARDED_AVAILABILITY = YES_AGGRESSIVE;
				CLANG_WARN_UNREACHABLE_CODE = YES;
				CLANG_WARN__DUPLICATE_METHOD_MATCH = YES;
				CODE_SIGN_IDENTITY = "iPhone Developer";
				COPY_PHASE_STRIP = NO;
				DEBUG_INFORMATION_FORMAT = dwarf;
				ENABLE_STRICT_OBJC_MSGSEND = YES;
				ENABLE_TESTABILITY = YES;
				GCC_C_LANGUAGE_STANDARD = gnu11;
				GCC_DYNAMIC_NO_PIC = NO;
				GCC_NO_COMMON_BLOCKS = YES;
				GCC_OPTIMIZATION_LEVEL = 0;
				GCC_PREPROCESSOR_DEFINITIONS = (
					"DEBUG=1",
					"$(inherited)",
				);
				GCC_WARN_64_TO_32_BIT_CONVERSION = YES;
				GCC_WARN_ABOUT_RETURN_TYPE = YES_ERROR;
				GCC_WARN_UNDECLARED_SELECTOR = YES;
				GCC_WARN_UNINITIALIZED_AUTOS = YES_AGGRESSIVE;
				GCC_WARN_UNUSED_FUNCTION = YES;
				GCC_WARN_UNUSED_VARIABLE = YES;
				IPHONEOS_DEPLOYMENT_TARGET = 11.4;
				MTL_ENABLE_DEBUG_INFO = YES;
				ONLY_ACTIVE_ARCH = YES;
				SDKROOT = iphoneos;
				SWIFT_ACTIVE_COMPILATION_CONDITIONS = DEBUG;
				SWIFT_OPTIMIZATION_LEVEL = "-Onone";
			};
			name = Debug;
		};
		A3ACE69C2137D4BE0073B2E4 /* Release */ = {
			isa = XCBuildConfiguration;
			buildSettings = {
				ALWAYS_SEARCH_USER_PATHS = NO;
				CLANG_ANALYZER_NONNULL = YES;
				CLANG_ANALYZER_NUMBER_OBJECT_CONVERSION = YES_AGGRESSIVE;
				CLANG_CXX_LANGUAGE_STANDARD = "gnu++14";
				CLANG_CXX_LIBRARY = "libc++";
				CLANG_ENABLE_MODULES = YES;
				CLANG_ENABLE_OBJC_ARC = YES;
				CLANG_ENABLE_OBJC_WEAK = YES;
				CLANG_WARN_BLOCK_CAPTURE_AUTORELEASING = YES;
				CLANG_WARN_BOOL_CONVERSION = YES;
				CLANG_WARN_COMMA = YES;
				CLANG_WARN_CONSTANT_CONVERSION = YES;
				CLANG_WARN_DEPRECATED_OBJC_IMPLEMENTATIONS = YES;
				CLANG_WARN_DIRECT_OBJC_ISA_USAGE = YES_ERROR;
				CLANG_WARN_DOCUMENTATION_COMMENTS = YES;
				CLANG_WARN_EMPTY_BODY = YES;
				CLANG_WARN_ENUM_CONVERSION = YES;
				CLANG_WARN_INFINITE_RECURSION = YES;
				CLANG_WARN_INT_CONVERSION = YES;
				CLANG_WARN_NON_LITERAL_NULL_CONVERSION = YES;
				CLANG_WARN_OBJC_IMPLICIT_RETAIN_SELF = YES;
				CLANG_WARN_OBJC_LITERAL_CONVERSION = YES;
				CLANG_WARN_OBJC_ROOT_CLASS = YES_ERROR;
				CLANG_WARN_RANGE_LOOP_ANALYSIS = YES;
				CLANG_WARN_STRICT_PROTOTYPES = YES;
				CLANG_WARN_SUSPICIOUS_MOVE = YES;
				CLANG_WARN_UNGUARDED_AVAILABILITY = YES_AGGRESSIVE;
				CLANG_WARN_UNREACHABLE_CODE = YES;
				CLANG_WARN__DUPLICATE_METHOD_MATCH = YES;
				CODE_SIGN_IDENTITY = "iPhone Developer";
				COPY_PHASE_STRIP = NO;
				DEBUG_INFORMATION_FORMAT = "dwarf-with-dsym";
				ENABLE_NS_ASSERTIONS = NO;
				ENABLE_STRICT_OBJC_MSGSEND = YES;
				GCC_C_LANGUAGE_STANDARD = gnu11;
				GCC_NO_COMMON_BLOCKS = YES;
				GCC_WARN_64_TO_32_BIT_CONVERSION = YES;
				GCC_WARN_ABOUT_RETURN_TYPE = YES_ERROR;
				GCC_WARN_UNDECLARED_SELECTOR = YES;
				GCC_WARN_UNINITIALIZED_AUTOS = YES_AGGRESSIVE;
				GCC_WARN_UNUSED_FUNCTION = YES;
				GCC_WARN_UNUSED_VARIABLE = YES;
				IPHONEOS_DEPLOYMENT_TARGET = 11.4;
				MTL_ENABLE_DEBUG_INFO = NO;
				SDKROOT = iphoneos;
				SWIFT_COMPILATION_MODE = wholemodule;
				SWIFT_OPTIMIZATION_LEVEL = "-O";
				VALIDATE_PRODUCT = YES;
			};
			name = Release;
		};
		A3ACE69E2137D4BE0073B2E4 /* Debug */ = {
			isa = XCBuildConfiguration;
			buildSettings = {
				ASSETCATALOG_COMPILER_APPICON_NAME = AppIcon;
				CODE_SIGN_STYLE = Automatic;
				DEVELOPMENT_TEAM = BR6U9G47ZR;
				INFOPLIST_FILE = PDFKitSample/Info.plist;
				LD_RUNPATH_SEARCH_PATHS = (
					"$(inherited)",
					"@executable_path/Frameworks",
				);
				PRODUCT_BUNDLE_IDENTIFIER = com.douzone.test;
				PRODUCT_NAME = "$(TARGET_NAME)";
				SWIFT_VERSION = 4.0;
				TARGETED_DEVICE_FAMILY = "1,2";
			};
			name = Debug;
		};
		A3ACE69F2137D4BE0073B2E4 /* Release */ = {
			isa = XCBuildConfiguration;
			buildSettings = {
				ASSETCATALOG_COMPILER_APPICON_NAME = AppIcon;
				CODE_SIGN_STYLE = Automatic;
				DEVELOPMENT_TEAM = BR6U9G47ZR;
				INFOPLIST_FILE = PDFKitSample/Info.plist;
				LD_RUNPATH_SEARCH_PATHS = (
					"$(inherited)",
					"@executable_path/Frameworks",
				);
				PRODUCT_BUNDLE_IDENTIFIER = com.douzone.test;
				PRODUCT_NAME = "$(TARGET_NAME)";
				SWIFT_VERSION = 4.0;
				TARGETED_DEVICE_FAMILY = "1,2";
			};
			name = Release;
		};
		A3ACE6A12137D4BE0073B2E4 /* Debug */ = {
			isa = XCBuildConfiguration;
			buildSettings = {
				ALWAYS_EMBED_SWIFT_STANDARD_LIBRARIES = YES;
				BUNDLE_LOADER = "$(TEST_HOST)";
				CODE_SIGN_STYLE = Automatic;
				INFOPLIST_FILE = PDFKitSampleTests/Info.plist;
				LD_RUNPATH_SEARCH_PATHS = (
					"$(inherited)",
					"@executable_path/Frameworks",
					"@loader_path/Frameworks",
				);
				PRODUCT_BUNDLE_IDENTIFIER = com.douzone.test.PDFKitSampleTests;
				PRODUCT_NAME = "$(TARGET_NAME)";
				SWIFT_VERSION = 4.0;
				TARGETED_DEVICE_FAMILY = "1,2";
				TEST_HOST = "$(BUILT_PRODUCTS_DIR)/PDFKitSample.app/PDFKitSample";
			};
			name = Debug;
		};
		A3ACE6A22137D4BE0073B2E4 /* Release */ = {
			isa = XCBuildConfiguration;
			buildSettings = {
				ALWAYS_EMBED_SWIFT_STANDARD_LIBRARIES = YES;
				BUNDLE_LOADER = "$(TEST_HOST)";
				CODE_SIGN_STYLE = Automatic;
				INFOPLIST_FILE = PDFKitSampleTests/Info.plist;
				LD_RUNPATH_SEARCH_PATHS = (
					"$(inherited)",
					"@executable_path/Frameworks",
					"@loader_path/Frameworks",
				);
				PRODUCT_BUNDLE_IDENTIFIER = com.douzone.test.PDFKitSampleTests;
				PRODUCT_NAME = "$(TARGET_NAME)";
				SWIFT_VERSION = 4.0;
				TARGETED_DEVICE_FAMILY = "1,2";
				TEST_HOST = "$(BUILT_PRODUCTS_DIR)/PDFKitSample.app/PDFKitSample";
			};
			name = Release;
		};
		A3ACE6A42137D4BE0073B2E4 /* Debug */ = {
			isa = XCBuildConfiguration;
			buildSettings = {
				ALWAYS_EMBED_SWIFT_STANDARD_LIBRARIES = YES;
				CODE_SIGN_STYLE = Automatic;
				INFOPLIST_FILE = PDFKitSampleUITests/Info.plist;
				LD_RUNPATH_SEARCH_PATHS = (
					"$(inherited)",
					"@executable_path/Frameworks",
					"@loader_path/Frameworks",
				);
				PRODUCT_BUNDLE_IDENTIFIER = com.douzone.test.PDFKitSampleUITests;
				PRODUCT_NAME = "$(TARGET_NAME)";
				SWIFT_VERSION = 4.0;
				TARGETED_DEVICE_FAMILY = "1,2";
				TEST_TARGET_NAME = PDFKitSample;
			};
			name = Debug;
		};
		A3ACE6A52137D4BE0073B2E4 /* Release */ = {
			isa = XCBuildConfiguration;
			buildSettings = {
				ALWAYS_EMBED_SWIFT_STANDARD_LIBRARIES = YES;
				CODE_SIGN_STYLE = Automatic;
				INFOPLIST_FILE = PDFKitSampleUITests/Info.plist;
				LD_RUNPATH_SEARCH_PATHS = (
					"$(inherited)",
					"@executable_path/Frameworks",
					"@loader_path/Frameworks",
				);
				PRODUCT_BUNDLE_IDENTIFIER = com.douzone.test.PDFKitSampleUITests;
				PRODUCT_NAME = "$(TARGET_NAME)";
				SWIFT_VERSION = 4.0;
				TARGETED_DEVICE_FAMILY = "1,2";
				TEST_TARGET_NAME = PDFKitSample;
			};
			name = Release;
		};
/* End XCBuildConfiguration section */

/* Begin XCConfigurationList section */
		A3ACE6702137D4BD0073B2E4 /* Build configuration list for PBXProject "PDFKitSample" */ = {
			isa = XCConfigurationList;
			buildConfigurations = (
				A3ACE69B2137D4BE0073B2E4 /* Debug */,
				A3ACE69C2137D4BE0073B2E4 /* Release */,
			);
			defaultConfigurationIsVisible = 0;
			defaultConfigurationName = Release;
		};
		A3ACE69D2137D4BE0073B2E4 /* Build configuration list for PBXNativeTarget "PDFKitSample" */ = {
			isa = XCConfigurationList;
			buildConfigurations = (
				A3ACE69E2137D4BE0073B2E4 /* Debug */,
				A3ACE69F2137D4BE0073B2E4 /* Release */,
			);
			defaultConfigurationIsVisible = 0;
			defaultConfigurationName = Release;
		};
		A3ACE6A02137D4BE0073B2E4 /* Build configuration list for PBXNativeTarget "PDFKitSampleTests" */ = {
			isa = XCConfigurationList;
			buildConfigurations = (
				A3ACE6A12137D4BE0073B2E4 /* Debug */,
				A3ACE6A22137D4BE0073B2E4 /* Release */,
			);
			defaultConfigurationIsVisible = 0;
			defaultConfigurationName = Release;
		};
		A3ACE6A32137D4BE0073B2E4 /* Build configuration list for PBXNativeTarget "PDFKitSampleUITests" */ = {
			isa = XCConfigurationList;
			buildConfigurations = (
				A3ACE6A42137D4BE0073B2E4 /* Debug */,
				A3ACE6A52137D4BE0073B2E4 /* Release */,
			);
			defaultConfigurationIsVisible = 0;
			defaultConfigurationName = Release;
		};
/* End XCConfigurationList section */
	};
	rootObject = A3ACE66D2137D4BD0073B2E4 /* Project object */;
}
